
Microsoft Visual Studio Solution File, Format Version 12.00
# Visual Studio Version 17
VisualStudioVersion = 17.8.34330.188
MinimumVisualStudioVersion = 10.0.40219.1
Project("{FAE04EC0-301F-11D3-BF4B-00C04F79EFBC}") = "AutomationHUB.DeviceContainer", "AutomationHUB.DeviceContainer\AutomationHUB.DeviceContainer.csproj", "{6FEC400B-E5DC-4723-8592-A59E3241B010}"
EndProject
Project("{FAE04EC0-301F-11D3-BF4B-00C04F79EFBC}") = "AutomationHUB.Shared", "AutomationHUB.Shared\AutomationHUB.Shared.csproj", "{21FEBF7E-5530-4C0A-9B8A-997460E61540}"
EndProject
Project("{FAE04EC0-301F-11D3-BF4B-00C04F79EFBC}") = "AutomationHUB.Messaging", "AutomationHUB.Messaging\AutomationHUB.Messaging.csproj", "{AA48D49D-EDC1-47D4-A550-D83A8780A6B0}"
EndProject
Project("{FAE04EC0-301F-11D3-BF4B-00C04F79EFBC}") = "AutomationHUB.Messaging.Nats", "AutomationHUB.Messaging.Nats\AutomationHUB.Messaging.Nats.csproj", "{6068E9D5-5F47-464C-A861-CC727EC6D2FA}"
EndProject
Project("{FAE04EC0-301F-11D3-BF4B-00C04F79EFBC}") = "AutomationHUB.Engine.Services", "AutomationHUB.Engine.Services\AutomationHUB.Engine.Services.csproj", "{BE8E4254-D439-49E4-BC47-6E1CDDFDD6EB}"
EndProject
Project("{FAE04EC0-301F-11D3-BF4B-00C04F79EFBC}") = "AutomationHUB.Engine.Elsa", "AutomationHUB.Engine.Elsa\AutomationHUB.Engine.Elsa.csproj", "{DC812CC2-2A6C-4A6A-B259-976C1CDDF39B}"
EndProject
Project("{FAE04EC0-301F-11D3-BF4B-00C04F79EFBC}") = "AutomationHUB.Engine.Api", "AutomationHUB.Engine.Api\AutomationHUB.Engine.Api.csproj", "{A5A29A0E-21F2-4CE7-8B31-82EE9DB49737}"
EndProject
Project("{FAE04EC0-301F-11D3-BF4B-00C04F79EFBC}") = "AutomationHUB.Portal", "AutomationHUB.Portal\AutomationHUB.Portal.csproj", "{1722EA01-99E7-44CD-9C36-14BCD92F09C2}"
EndProject
Project("{FAE04EC0-301F-11D3-BF4B-00C04F79EFBC}") = "AutomationHUB.Portal.ElsaStudio", "AutomationHUB.Portal.ElsaStudio\AutomationHUB.Portal.ElsaStudio.csproj", "{0A5CF171-FEFC-42A7-82F0-E867A7A19FA3}"
EndProject
Project("{FAE04EC0-301F-11D3-BF4B-00C04F79EFBC}") = "AutomationHUB.Engine.Api.Contracts", "AutomationHUB.Engine.Api.Contracts\AutomationHUB.Engine.Api.Contracts.csproj", "{3DC8C521-A0D2-4F53-A18E-7FD6B349793A}"
EndProject
Project("{FAE04EC0-301F-11D3-BF4B-00C04F79EFBC}") = "AutomationHUB.DeviceContainerApp", "AutomationHUB.DeviceContainerApp\AutomationHUB.DeviceContainerApp.csproj", "{1E7C58D5-1BC0-480C-8753-A5ECCA551300}"
EndProject
Global
	GlobalSection(SolutionConfigurationPlatforms) = preSolution
		Debug|Any CPU = Debug|Any CPU
		Release|Any CPU = Release|Any CPU
	EndGlobalSection
	GlobalSection(ProjectConfigurationPlatforms) = postSolution
		{6FEC400B-E5DC-4723-8592-A59E3241B010}.Debug|Any CPU.ActiveCfg = Debug|Any CPU
		{6FEC400B-E5DC-4723-8592-A59E3241B010}.Debug|Any CPU.Build.0 = Debug|Any CPU
		{6FEC400B-E5DC-4723-8592-A59E3241B010}.Release|Any CPU.ActiveCfg = Release|Any CPU
		{6FEC400B-E5DC-4723-8592-A59E3241B010}.Release|Any CPU.Build.0 = Release|Any CPU
		{21FEBF7E-5530-4C0A-9B8A-997460E61540}.Debug|Any CPU.ActiveCfg = Debug|Any CPU
		{21FEBF7E-5530-4C0A-9B8A-997460E61540}.Debug|Any CPU.Build.0 = Debug|Any CPU
		{21FEBF7E-5530-4C0A-9B8A-997460E61540}.Release|Any CPU.ActiveCfg = Release|Any CPU
		{21FEBF7E-5530-4C0A-9B8A-997460E61540}.Release|Any CPU.Build.0 = Release|Any CPU
		{AA48D49D-EDC1-47D4-A550-D83A8780A6B0}.Debug|Any CPU.ActiveCfg = Debug|Any CPU
		{AA48D49D-EDC1-47D4-A550-D83A8780A6B0}.Debug|Any CPU.Build.0 = Debug|Any CPU
		{AA48D49D-EDC1-47D4-A550-D83A8780A6B0}.Release|Any CPU.ActiveCfg = Release|Any CPU
		{AA48D49D-EDC1-47D4-A550-D83A8780A6B0}.Release|Any CPU.Build.0 = Release|Any CPU
		{6068E9D5-5F47-464C-A861-CC727EC6D2FA}.Debug|Any CPU.ActiveCfg = Debug|Any CPU
		{6068E9D5-5F47-464C-A861-CC727EC6D2FA}.Debug|Any CPU.Build.0 = Debug|Any CPU
		{6068E9D5-5F47-464C-A861-CC727EC6D2FA}.Release|Any CPU.ActiveCfg = Release|Any CPU
		{6068E9D5-5F47-464C-A861-CC727EC6D2FA}.Release|Any CPU.Build.0 = Release|Any CPU
		{BE8E4254-D439-49E4-BC47-6E1CDDFDD6EB}.Debug|Any CPU.ActiveCfg = Debug|Any CPU
		{BE8E4254-D439-49E4-BC47-6E1CDDFDD6EB}.Debug|Any CPU.Build.0 = Debug|Any CPU
		{BE8E4254-D439-49E4-BC47-6E1CDDFDD6EB}.Release|Any CPU.ActiveCfg = Release|Any CPU
		{BE8E4254-D439-49E4-BC47-6E1CDDFDD6EB}.Release|Any CPU.Build.0 = Release|Any CPU
		{DC812CC2-2A6C-4A6A-B259-976C1CDDF39B}.Debug|Any CPU.ActiveCfg = Debug|Any CPU
		{DC812CC2-2A6C-4A6A-B259-976C1CDDF39B}.Debug|Any CPU.Build.0 = Debug|Any CPU
		{DC812CC2-2A6C-4A6A-B259-976C1CDDF39B}.Release|Any CPU.ActiveCfg = Release|Any CPU
		{DC812CC2-2A6C-4A6A-B259-976C1CDDF39B}.Release|Any CPU.Build.0 = Release|Any CPU
		{A5A29A0E-21F2-4CE7-8B31-82EE9DB49737}.Debug|Any CPU.ActiveCfg = Debug|Any CPU
		{A5A29A0E-21F2-4CE7-8B31-82EE9DB49737}.Debug|Any CPU.Build.0 = Debug|Any CPU
		{A5A29A0E-21F2-4CE7-8B31-82EE9DB49737}.Release|Any CPU.ActiveCfg = Release|Any CPU
		{A5A29A0E-21F2-4CE7-8B31-82EE9DB49737}.Release|Any CPU.Build.0 = Release|Any CPU
		{1722EA01-99E7-44CD-9C36-14BCD92F09C2}.Debug|Any CPU.ActiveCfg = Debug|Any CPU
		{1722EA01-99E7-44CD-9C36-14BCD92F09C2}.Debug|Any CPU.Build.0 = Debug|Any CPU
		{1722EA01-99E7-44CD-9C36-14BCD92F09C2}.Release|Any CPU.ActiveCfg = Release|Any CPU
		{1722EA01-99E7-44CD-9C36-14BCD92F09C2}.Release|Any CPU.Build.0 = Release|Any CPU
		{0A5CF171-FEFC-42A7-82F0-E867A7A19FA3}.Debug|Any CPU.ActiveCfg = Debug|Any CPU
		{0A5CF171-FEFC-42A7-82F0-E867A7A19FA3}.Debug|Any CPU.Build.0 = Debug|Any CPU
		{0A5CF171-FEFC-42A7-82F0-E867A7A19FA3}.Release|Any CPU.ActiveCfg = Release|Any CPU
		{0A5CF171-FEFC-42A7-82F0-E867A7A19FA3}.Release|Any CPU.Build.0 = Release|Any CPU
		{3DC8C521-A0D2-4F53-A18E-7FD6B349793A}.Debug|Any CPU.ActiveCfg = Debug|Any CPU
		{3DC8C521-A0D2-4F53-A18E-7FD6B349793A}.Debug|Any CPU.Build.0 = Debug|Any CPU
		{3DC8C521-A0D2-4F53-A18E-7FD6B349793A}.Release|Any CPU.ActiveCfg = Release|Any CPU
		{3DC8C521-A0D2-4F53-A18E-7FD6B349793A}.Release|Any CPU.Build.0 = Release|Any CPU
		{1E7C58D5-1BC0-480C-8753-A5ECCA551300}.Debug|Any CPU.ActiveCfg = Debug|Any CPU
		{1E7C58D5-1BC0-480C-8753-A5ECCA551300}.Debug|Any CPU.Build.0 = Debug|Any CPU
		{1E7C58D5-1BC0-480C-8753-A5ECCA551300}.Release|Any CPU.ActiveCfg = Release|Any CPU
		{1E7C58D5-1BC0-480C-8753-A5ECCA551300}.Release|Any CPU.Build.0 = Release|Any CPU
	EndGlobalSection
	GlobalSection(SolutionProperties) = preSolution
		HideSolutionNode = FALSE
	EndGlobalSection
	GlobalSection(ExtensibilityGlobals) = postSolution
		SolutionGuid = {0BC45AA1-E89E-43FE-B8B0-EFCE22286EC2}
	EndGlobalSection
EndGlobal
