
Microsoft Visual Studio Solution File, Format Version 12.00
# Visual Studio Version 17
VisualStudioVersion = 17.8.34330.188
MinimumVisualStudioVersion = 10.0.40219.1
Project("{FAE04EC0-301F-11D3-BF4B-00C04F79EFBC}") = "AutomationHUB.DeviceContainer", "AutomationHUB.DeviceContainer\AutomationHUB.DeviceContainer.csproj", "{6FEC400B-E5DC-4723-8592-A59E3241B010}"
EndProject
Project("{FAE04EC0-301F-11D3-BF4B-00C04F79EFBC}") = "AutomationHUB.Shared", "AutomationHUB.Shared\AutomationHUB.Shared.csproj", "{21FEBF7E-5530-4C0A-9B8A-997460E61540}"
EndProject
Project("{FAE04EC0-301F-11D3-BF4B-00C04F79EFBC}") = "AutomationHUB.Messaging", "AutomationHUB.Messaging\AutomationHUB.Messaging.csproj", "{AA48D49D-EDC1-47D4-A550-D83A8780A6B0}"
EndProject
Project("{FAE04EC0-301F-11D3-BF4B-00C04F79EFBC}") = "AutomationHUB.Messaging.Nats", "AutomationHUB.Messaging.Nats\AutomationHUB.Messaging.Nats.csproj", "{6068E9D5-5F47-464C-A861-CC727EC6D2FA}"
EndProject
Project("{FAE04EC0-301F-11D3-BF4B-00C04F79EFBC}") = "AutomationHUB.Engine", "AutomationHUB.Engine\AutomationHUB.Engine.csproj", "{EADB1F04-E6E8-4529-8809-6C44B968FAE2}"
EndProject
Project("{FAE04EC0-301F-11D3-BF4B-00C04F79EFBC}") = "AutomationHUB.Engine.Activities", "AutomationHUB.Engine.Activities\AutomationHUB.Engine.Activities.csproj", "{877443E0-10C3-4166-B27C-840F76FC638B}"
EndProject
Project("{FAE04EC0-301F-11D3-BF4B-00C04F79EFBC}") = "AutomationHUB.Engine.ElsaServer", "AutomationHUB.Engine.ElsaServer\AutomationHUB.Engine.ElsaServer.csproj", "{FCD02052-B834-470C-BB19-8602526E2F53}"
EndProject
Project("{FAE04EC0-301F-11D3-BF4B-00C04F79EFBC}") = "AutomationHUB.Engine.ElsaStudioWasm", "AutomationHUB.Engine.ElsaStudioWasm\AutomationHUB.Engine.ElsaStudioWasm.csproj", "{3965B8C8-8B19-478F-A276-19D9336B88DF}"
EndProject
Global
	GlobalSection(SolutionConfigurationPlatforms) = preSolution
		Debug|Any CPU = Debug|Any CPU
		Release|Any CPU = Release|Any CPU
	EndGlobalSection
	GlobalSection(ProjectConfigurationPlatforms) = postSolution
		{6FEC400B-E5DC-4723-8592-A59E3241B010}.Debug|Any CPU.ActiveCfg = Debug|Any CPU
		{6FEC400B-E5DC-4723-8592-A59E3241B010}.Debug|Any CPU.Build.0 = Debug|Any CPU
		{6FEC400B-E5DC-4723-8592-A59E3241B010}.Release|Any CPU.ActiveCfg = Release|Any CPU
		{6FEC400B-E5DC-4723-8592-A59E3241B010}.Release|Any CPU.Build.0 = Release|Any CPU
		{21FEBF7E-5530-4C0A-9B8A-997460E61540}.Debug|Any CPU.ActiveCfg = Debug|Any CPU
		{21FEBF7E-5530-4C0A-9B8A-997460E61540}.Debug|Any CPU.Build.0 = Debug|Any CPU
		{21FEBF7E-5530-4C0A-9B8A-997460E61540}.Release|Any CPU.ActiveCfg = Release|Any CPU
		{21FEBF7E-5530-4C0A-9B8A-997460E61540}.Release|Any CPU.Build.0 = Release|Any CPU
		{AA48D49D-EDC1-47D4-A550-D83A8780A6B0}.Debug|Any CPU.ActiveCfg = Debug|Any CPU
		{AA48D49D-EDC1-47D4-A550-D83A8780A6B0}.Debug|Any CPU.Build.0 = Debug|Any CPU
		{AA48D49D-EDC1-47D4-A550-D83A8780A6B0}.Release|Any CPU.ActiveCfg = Release|Any CPU
		{AA48D49D-EDC1-47D4-A550-D83A8780A6B0}.Release|Any CPU.Build.0 = Release|Any CPU
		{6068E9D5-5F47-464C-A861-CC727EC6D2FA}.Debug|Any CPU.ActiveCfg = Debug|Any CPU
		{6068E9D5-5F47-464C-A861-CC727EC6D2FA}.Debug|Any CPU.Build.0 = Debug|Any CPU
		{6068E9D5-5F47-464C-A861-CC727EC6D2FA}.Release|Any CPU.ActiveCfg = Release|Any CPU
		{6068E9D5-5F47-464C-A861-CC727EC6D2FA}.Release|Any CPU.Build.0 = Release|Any CPU
		{EADB1F04-E6E8-4529-8809-6C44B968FAE2}.Debug|Any CPU.ActiveCfg = Debug|Any CPU
		{EADB1F04-E6E8-4529-8809-6C44B968FAE2}.Debug|Any CPU.Build.0 = Debug|Any CPU
		{EADB1F04-E6E8-4529-8809-6C44B968FAE2}.Release|Any CPU.ActiveCfg = Release|Any CPU
		{EADB1F04-E6E8-4529-8809-6C44B968FAE2}.Release|Any CPU.Build.0 = Release|Any CPU
		{877443E0-10C3-4166-B27C-840F76FC638B}.Debug|Any CPU.ActiveCfg = Debug|Any CPU
		{877443E0-10C3-4166-B27C-840F76FC638B}.Debug|Any CPU.Build.0 = Debug|Any CPU
		{877443E0-10C3-4166-B27C-840F76FC638B}.Release|Any CPU.ActiveCfg = Release|Any CPU
		{877443E0-10C3-4166-B27C-840F76FC638B}.Release|Any CPU.Build.0 = Release|Any CPU
		{FCD02052-B834-470C-BB19-8602526E2F53}.Debug|Any CPU.ActiveCfg = Debug|Any CPU
		{FCD02052-B834-470C-BB19-8602526E2F53}.Debug|Any CPU.Build.0 = Debug|Any CPU
		{FCD02052-B834-470C-BB19-8602526E2F53}.Release|Any CPU.ActiveCfg = Release|Any CPU
		{FCD02052-B834-470C-BB19-8602526E2F53}.Release|Any CPU.Build.0 = Release|Any CPU
		{3965B8C8-8B19-478F-A276-19D9336B88DF}.Debug|Any CPU.ActiveCfg = Debug|Any CPU
		{3965B8C8-8B19-478F-A276-19D9336B88DF}.Debug|Any CPU.Build.0 = Debug|Any CPU
		{3965B8C8-8B19-478F-A276-19D9336B88DF}.Release|Any CPU.ActiveCfg = Release|Any CPU
		{3965B8C8-8B19-478F-A276-19D9336B88DF}.Release|Any CPU.Build.0 = Release|Any CPU
	EndGlobalSection
	GlobalSection(SolutionProperties) = preSolution
		HideSolutionNode = FALSE
	EndGlobalSection
	GlobalSection(ExtensibilityGlobals) = postSolution
		SolutionGuid = {0BC45AA1-E89E-43FE-B8B0-EFCE22286EC2}
	EndGlobalSection
EndGlobal
